
Microsoft Visual Studio Solution File, Format Version 12.00
# Visual Studio Version 17
VisualStudioVersion = 17.13.35931.197
MinimumVisualStudioVersion = 10.0.40219.1
Project("{FAE04EC0-301F-11D3-BF4B-00C04F79EFBC}") = "FirstProject", "FirstProject\FirstProject.csproj", "{540459E7-02A3-444D-B9A7-C4FB0FACED67}"
EndProject
Project("{FAE04EC0-301F-11D3-BF4B-00C04F79EFBC}") = "SecondProject", "SecondProject\SecondProject.csproj", "{C27F3B41-5A91-4E13-91F6-A02476187E07}"
EndProject
Project("{FAE04EC0-301F-11D3-BF4B-00C04F79EFBC}") = "FirstDegree", "FirstDegree\FirstDegree.csproj", "{C09F80FB-3D45-44F3-9A4F-B18ADCCA4BF8}"
EndProject
Project("{FAE04EC0-301F-11D3-BF4B-00C04F79EFBC}") = "QuadraticEquation", "QuadraticEquation\QuadraticEquation.csproj", "{83B88A14-2E5A-46DD-8C1B-6A49AC4BE290}"
EndProject
Project("{FAE04EC0-301F-11D3-BF4B-00C04F79EFBC}") = "StringInteraction", "StringInteraction\StringInteraction.csproj", "{3324F010-136D-4398-A81F-848482E1FE0B}"
EndProject
Project("{FAE04EC0-301F-11D3-BF4B-00C04F79EFBC}") = "SimpleMath", "SimpleMath\SimpleMath.csproj", "{49DC91D0-C9DD-4984-81B5-BF3B58285E2E}"
EndProject
Project("{FAE04EC0-301F-11D3-BF4B-00C04F79EFBC}") = "RefAndOutSimple", "RefAndOutSimple\RefAndOutSimple.csproj", "{79B0EB91-0CD9-42DD-B86B-559A771059B7}"
EndProject
Project("{FAE04EC0-301F-11D3-BF4B-00C04F79EFBC}") = "TryParseSimple", "TryParseSimple\TryParseSimple.csproj", "{5F72B9F6-74D2-4E72-8CD1-1D5E302CE829}"
EndProject
Project("{FAE04EC0-301F-11D3-BF4B-00C04F79EFBC}") = "ParamsSimpe", "ParaSimpe\ParamsSimpe.csproj", "{B9B579D2-2268-4697-AF91-FBD0CF59CF5E}"
EndProject
Project("{FAE04EC0-301F-11D3-BF4B-00C04F79EFBC}") = "TupleSimple", "TupleSimple\TupleSimple.csproj", "{BDD0DAFF-403C-4C43-93EB-F98FCD2B76CC}"
EndProject
Project("{FAE04EC0-301F-11D3-BF4B-00C04F79EFBC}") = "NextedLoop_Sort", "NextedLoop_Sort\NextedLoop_Sort.csproj", "{369B44F8-C0F7-4FA3-A487-772A98204FF6}"
EndProject
Project("{FAE04EC0-301F-11D3-BF4B-00C04F79EFBC}") = "NextedLoop_Shape", "NextedLoop_Shape\NextedLoop_Shape.csproj", "{E660965C-583F-4CBC-8961-32BAF3284FFD}"
EndProject
Project("{FAE04EC0-301F-11D3-BF4B-00C04F79EFBC}") = "OOP1", "OOP1\OOP1.csproj", "{DB58F425-B39C-4854-A6BA-EB520C522323}"
EndProject
Project("{FAE04EC0-301F-11D3-BF4B-00C04F79EFBC}") = "OOP2", "OOP2\OOP2.csproj", "{91E0F2B3-6A6A-4B27-AC43-72E5EEA52BE4}"
EndProject
Project("{FAE04EC0-301F-11D3-BF4B-00C04F79EFBC}") = "OOP3_ExtensionMethod", "OOP3_ExtensionMethod\OOP3_ExtensionMethod.csproj", "{228731E3-C71B-4B6D-92F7-CDC7645367F0}"
EndProject
Project("{FAE04EC0-301F-11D3-BF4B-00C04F79EFBC}") = "OOP4_Reuse_OOP2", "OOP4_Reuse_OOP2\OOP4_Reuse_OOP2.csproj", "{A780C715-D9D5-42FE-8E07-976EE7C16B1F}"
EndProject
Project("{FAE04EC0-301F-11D3-BF4B-00C04F79EFBC}") = "OOP5_Generic_List", "OOP5_Generic_List\OOP5_Generic_List.csproj", "{62EE9C7D-98C6-4933-9A2E-13885502D308}"
EndProject
Project("{FAE04EC0-301F-11D3-BF4B-00C04F79EFBC}") = "OOP6_Dictionary", "OOP6_Dictionary\OOP6_Dictionary.csproj", "{0542BFA9-BD71-4EE6-84F0-F3ECE423E220}"
EndProject
Project("{2150E333-8FDC-42A3-9474-1A3956D46DE8}") = "chapter5", "chapter5", "{02EA681E-C7D8-13C7-8484-4AC65E1B71E8}"
EndProject
Project("{FAE04EC0-301F-11D3-BF4B-00C04F79EFBC}") = "BuilderPattern", "BuilderPattern\BuilderPattern.csproj", "{044DE341-433F-5702-4D82-2BB3FD3832E3}"
EndProject
Project("{FAE04EC0-301F-11D3-BF4B-00C04F79EFBC}") = "FactoriesPattern", "FactoriesPattern\FactoriesPattern.csproj", "{15ADFCBE-9B56-7B0A-7AE5-771D29B1F4C9}"
EndProject
Project("{FAE04EC0-301F-11D3-BF4B-00C04F79EFBC}") = "ObserverPattern", "ObserverPattern\ObserverPattern.csproj", "{FEBF851F-917B-C45E-D2B8-7873FE9FDB40}"
EndProject
Project("{FAE04EC0-301F-11D3-BF4B-00C04F79EFBC}") = "SingletonPattern", "SingletonPattern\SingletonPattern.csproj", "{FABC0CC8-7E79-3D9B-8D56-17C4207BB104}"
EndProject
Project("{FAE04EC0-301F-11D3-BF4B-00C04F79EFBC}") = "PrototypePattern", "PrototypePattern\PrototypePattern.csproj", "{92C92FD4-253A-352A-CA1D-8ACA5E5F3868}"
EndProject
Project("{FAE04EC0-301F-11D3-BF4B-00C04F79EFBC}") = "DemoAliasClone", "DemoAliasClone\DemoAliasClone.csproj", "{85A621D0-5FDD-4645-A8F6-91C0B3EFC7A8}"
EndProject
Project("{2150E333-8FDC-42A3-9474-1A3956D46DE8}") = "Chapter6", "Chapter6", "{06893B9E-D74B-4024-A456-F055EA82378A}"
EndProject
Project("{FAE04EC0-301F-11D3-BF4B-00C04F79EFBC}") = "DemoDelegate", "DemoDelegate\DemoDelegate.csproj", "{360A23E4-1CE8-480B-B95F-1E274216A412}"
EndProject
Project("{FAE04EC0-301F-11D3-BF4B-00C04F79EFBC}") = "DemoLINQ2Object", "DemoLINQToObject\DemoLINQ2Object.csproj", "{AD378C99-6CCA-4E2D-B98E-3E26DA9CEBA0}"
EndProject
Project("{FAE04EC0-301F-11D3-BF4B-00C04F79EFBC}") = "DemoLINQ2ObjectModelClass", "DemoLINQ2ObjectModelClass\DemoLINQ2ObjectModelClass.csproj", "{F148CF5A-8F10-4EFD-9C53-0B47A2C58361}"
EndProject
Project("{FAE04EC0-301F-11D3-BF4B-00C04F79EFBC}") = "DemoLINQ2SQL", "DemoLINQ2SQL\DemoLINQ2SQL.csproj", "{21C531AC-1C02-424F-92BF-7112607787B7}"
EndProject
Project("{FAE04EC0-301F-11D3-BF4B-00C04F79EFBC}") = "LucySaleDataManagements", "LucySaleDataManaments\LucySaleDataManagements.csproj", "{3CD8175B-96B7-45A9-BDFD-D9725BCD68DB}"
EndProject
Global
	GlobalSection(SolutionConfigurationPlatforms) = preSolution
		Debug|Any CPU = Debug|Any CPU
		Release|Any CPU = Release|Any CPU
	EndGlobalSection
	GlobalSection(ProjectConfigurationPlatforms) = postSolution
		{540459E7-02A3-444D-B9A7-C4FB0FACED67}.Debug|Any CPU.ActiveCfg = Debug|Any CPU
		{540459E7-02A3-444D-B9A7-C4FB0FACED67}.Debug|Any CPU.Build.0 = Debug|Any CPU
		{540459E7-02A3-444D-B9A7-C4FB0FACED67}.Release|Any CPU.ActiveCfg = Release|Any CPU
		{540459E7-02A3-444D-B9A7-C4FB0FACED67}.Release|Any CPU.Build.0 = Release|Any CPU
		{C27F3B41-5A91-4E13-91F6-A02476187E07}.Debug|Any CPU.ActiveCfg = Debug|Any CPU
		{C27F3B41-5A91-4E13-91F6-A02476187E07}.Debug|Any CPU.Build.0 = Debug|Any CPU
		{C27F3B41-5A91-4E13-91F6-A02476187E07}.Release|Any CPU.ActiveCfg = Release|Any CPU
		{C27F3B41-5A91-4E13-91F6-A02476187E07}.Release|Any CPU.Build.0 = Release|Any CPU
		{C09F80FB-3D45-44F3-9A4F-B18ADCCA4BF8}.Debug|Any CPU.ActiveCfg = Debug|Any CPU
		{C09F80FB-3D45-44F3-9A4F-B18ADCCA4BF8}.Debug|Any CPU.Build.0 = Debug|Any CPU
		{C09F80FB-3D45-44F3-9A4F-B18ADCCA4BF8}.Release|Any CPU.ActiveCfg = Release|Any CPU
		{C09F80FB-3D45-44F3-9A4F-B18ADCCA4BF8}.Release|Any CPU.Build.0 = Release|Any CPU
		{83B88A14-2E5A-46DD-8C1B-6A49AC4BE290}.Debug|Any CPU.ActiveCfg = Debug|Any CPU
		{83B88A14-2E5A-46DD-8C1B-6A49AC4BE290}.Debug|Any CPU.Build.0 = Debug|Any CPU
		{83B88A14-2E5A-46DD-8C1B-6A49AC4BE290}.Release|Any CPU.ActiveCfg = Release|Any CPU
		{83B88A14-2E5A-46DD-8C1B-6A49AC4BE290}.Release|Any CPU.Build.0 = Release|Any CPU
		{3324F010-136D-4398-A81F-848482E1FE0B}.Debug|Any CPU.ActiveCfg = Debug|Any CPU
		{3324F010-136D-4398-A81F-848482E1FE0B}.Debug|Any CPU.Build.0 = Debug|Any CPU
		{3324F010-136D-4398-A81F-848482E1FE0B}.Release|Any CPU.ActiveCfg = Release|Any CPU
		{3324F010-136D-4398-A81F-848482E1FE0B}.Release|Any CPU.Build.0 = Release|Any CPU
		{49DC91D0-C9DD-4984-81B5-BF3B58285E2E}.Debug|Any CPU.ActiveCfg = Debug|Any CPU
		{49DC91D0-C9DD-4984-81B5-BF3B58285E2E}.Debug|Any CPU.Build.0 = Debug|Any CPU
		{49DC91D0-C9DD-4984-81B5-BF3B58285E2E}.Release|Any CPU.ActiveCfg = Release|Any CPU
		{49DC91D0-C9DD-4984-81B5-BF3B58285E2E}.Release|Any CPU.Build.0 = Release|Any CPU
		{79B0EB91-0CD9-42DD-B86B-559A771059B7}.Debug|Any CPU.ActiveCfg = Debug|Any CPU
		{79B0EB91-0CD9-42DD-B86B-559A771059B7}.Debug|Any CPU.Build.0 = Debug|Any CPU
		{79B0EB91-0CD9-42DD-B86B-559A771059B7}.Release|Any CPU.ActiveCfg = Release|Any CPU
		{79B0EB91-0CD9-42DD-B86B-559A771059B7}.Release|Any CPU.Build.0 = Release|Any CPU
		{5F72B9F6-74D2-4E72-8CD1-1D5E302CE829}.Debug|Any CPU.ActiveCfg = Debug|Any CPU
		{5F72B9F6-74D2-4E72-8CD1-1D5E302CE829}.Debug|Any CPU.Build.0 = Debug|Any CPU
		{5F72B9F6-74D2-4E72-8CD1-1D5E302CE829}.Release|Any CPU.ActiveCfg = Release|Any CPU
		{5F72B9F6-74D2-4E72-8CD1-1D5E302CE829}.Release|Any CPU.Build.0 = Release|Any CPU
		{B9B579D2-2268-4697-AF91-FBD0CF59CF5E}.Debug|Any CPU.ActiveCfg = Debug|Any CPU
		{B9B579D2-2268-4697-AF91-FBD0CF59CF5E}.Debug|Any CPU.Build.0 = Debug|Any CPU
		{B9B579D2-2268-4697-AF91-FBD0CF59CF5E}.Release|Any CPU.ActiveCfg = Release|Any CPU
		{B9B579D2-2268-4697-AF91-FBD0CF59CF5E}.Release|Any CPU.Build.0 = Release|Any CPU
		{BDD0DAFF-403C-4C43-93EB-F98FCD2B76CC}.Debug|Any CPU.ActiveCfg = Debug|Any CPU
		{BDD0DAFF-403C-4C43-93EB-F98FCD2B76CC}.Debug|Any CPU.Build.0 = Debug|Any CPU
		{BDD0DAFF-403C-4C43-93EB-F98FCD2B76CC}.Release|Any CPU.ActiveCfg = Release|Any CPU
		{BDD0DAFF-403C-4C43-93EB-F98FCD2B76CC}.Release|Any CPU.Build.0 = Release|Any CPU
		{369B44F8-C0F7-4FA3-A487-772A98204FF6}.Debug|Any CPU.ActiveCfg = Debug|Any CPU
		{369B44F8-C0F7-4FA3-A487-772A98204FF6}.Debug|Any CPU.Build.0 = Debug|Any CPU
		{369B44F8-C0F7-4FA3-A487-772A98204FF6}.Release|Any CPU.ActiveCfg = Release|Any CPU
		{369B44F8-C0F7-4FA3-A487-772A98204FF6}.Release|Any CPU.Build.0 = Release|Any CPU
		{E660965C-583F-4CBC-8961-32BAF3284FFD}.Debug|Any CPU.ActiveCfg = Debug|Any CPU
		{E660965C-583F-4CBC-8961-32BAF3284FFD}.Debug|Any CPU.Build.0 = Debug|Any CPU
		{E660965C-583F-4CBC-8961-32BAF3284FFD}.Release|Any CPU.ActiveCfg = Release|Any CPU
		{E660965C-583F-4CBC-8961-32BAF3284FFD}.Release|Any CPU.Build.0 = Release|Any CPU
		{DB58F425-B39C-4854-A6BA-EB520C522323}.Debug|Any CPU.ActiveCfg = Debug|Any CPU
		{DB58F425-B39C-4854-A6BA-EB520C522323}.Debug|Any CPU.Build.0 = Debug|Any CPU
		{DB58F425-B39C-4854-A6BA-EB520C522323}.Release|Any CPU.ActiveCfg = Release|Any CPU
		{DB58F425-B39C-4854-A6BA-EB520C522323}.Release|Any CPU.Build.0 = Release|Any CPU
		{91E0F2B3-6A6A-4B27-AC43-72E5EEA52BE4}.Debug|Any CPU.ActiveCfg = Debug|Any CPU
		{91E0F2B3-6A6A-4B27-AC43-72E5EEA52BE4}.Debug|Any CPU.Build.0 = Debug|Any CPU
		{91E0F2B3-6A6A-4B27-AC43-72E5EEA52BE4}.Release|Any CPU.ActiveCfg = Release|Any CPU
		{91E0F2B3-6A6A-4B27-AC43-72E5EEA52BE4}.Release|Any CPU.Build.0 = Release|Any CPU
		{228731E3-C71B-4B6D-92F7-CDC7645367F0}.Debug|Any CPU.ActiveCfg = Debug|Any CPU
		{228731E3-C71B-4B6D-92F7-CDC7645367F0}.Debug|Any CPU.Build.0 = Debug|Any CPU
		{228731E3-C71B-4B6D-92F7-CDC7645367F0}.Release|Any CPU.ActiveCfg = Release|Any CPU
		{228731E3-C71B-4B6D-92F7-CDC7645367F0}.Release|Any CPU.Build.0 = Release|Any CPU
		{A780C715-D9D5-42FE-8E07-976EE7C16B1F}.Debug|Any CPU.ActiveCfg = Debug|Any CPU
		{A780C715-D9D5-42FE-8E07-976EE7C16B1F}.Debug|Any CPU.Build.0 = Debug|Any CPU
		{A780C715-D9D5-42FE-8E07-976EE7C16B1F}.Release|Any CPU.ActiveCfg = Release|Any CPU
		{A780C715-D9D5-42FE-8E07-976EE7C16B1F}.Release|Any CPU.Build.0 = Release|Any CPU
		{62EE9C7D-98C6-4933-9A2E-13885502D308}.Debug|Any CPU.ActiveCfg = Debug|Any CPU
		{62EE9C7D-98C6-4933-9A2E-13885502D308}.Debug|Any CPU.Build.0 = Debug|Any CPU
		{62EE9C7D-98C6-4933-9A2E-13885502D308}.Release|Any CPU.ActiveCfg = Release|Any CPU
		{62EE9C7D-98C6-4933-9A2E-13885502D308}.Release|Any CPU.Build.0 = Release|Any CPU
		{0542BFA9-BD71-4EE6-84F0-F3ECE423E220}.Debug|Any CPU.ActiveCfg = Debug|Any CPU
		{0542BFA9-BD71-4EE6-84F0-F3ECE423E220}.Debug|Any CPU.Build.0 = Debug|Any CPU
		{0542BFA9-BD71-4EE6-84F0-F3ECE423E220}.Release|Any CPU.ActiveCfg = Release|Any CPU
		{0542BFA9-BD71-4EE6-84F0-F3ECE423E220}.Release|Any CPU.Build.0 = Release|Any CPU
		{044DE341-433F-5702-4D82-2BB3FD3832E3}.Debug|Any CPU.ActiveCfg = Debug|Any CPU
		{044DE341-433F-5702-4D82-2BB3FD3832E3}.Debug|Any CPU.Build.0 = Debug|Any CPU
		{044DE341-433F-5702-4D82-2BB3FD3832E3}.Release|Any CPU.ActiveCfg = Release|Any CPU
		{044DE341-433F-5702-4D82-2BB3FD3832E3}.Release|Any CPU.Build.0 = Release|Any CPU
		{15ADFCBE-9B56-7B0A-7AE5-771D29B1F4C9}.Debug|Any CPU.ActiveCfg = Debug|Any CPU
		{15ADFCBE-9B56-7B0A-7AE5-771D29B1F4C9}.Debug|Any CPU.Build.0 = Debug|Any CPU
		{15ADFCBE-9B56-7B0A-7AE5-771D29B1F4C9}.Release|Any CPU.ActiveCfg = Release|Any CPU
		{15ADFCBE-9B56-7B0A-7AE5-771D29B1F4C9}.Release|Any CPU.Build.0 = Release|Any CPU
		{FEBF851F-917B-C45E-D2B8-7873FE9FDB40}.Debug|Any CPU.ActiveCfg = Debug|Any CPU
		{FEBF851F-917B-C45E-D2B8-7873FE9FDB40}.Debug|Any CPU.Build.0 = Debug|Any CPU
		{FEBF851F-917B-C45E-D2B8-7873FE9FDB40}.Release|Any CPU.ActiveCfg = Release|Any CPU
		{FEBF851F-917B-C45E-D2B8-7873FE9FDB40}.Release|Any CPU.Build.0 = Release|Any CPU
		{FABC0CC8-7E79-3D9B-8D56-17C4207BB104}.Debug|Any CPU.ActiveCfg = Debug|Any CPU
		{FABC0CC8-7E79-3D9B-8D56-17C4207BB104}.Debug|Any CPU.Build.0 = Debug|Any CPU
		{FABC0CC8-7E79-3D9B-8D56-17C4207BB104}.Release|Any CPU.ActiveCfg = Release|Any CPU
		{FABC0CC8-7E79-3D9B-8D56-17C4207BB104}.Release|Any CPU.Build.0 = Release|Any CPU
		{92C92FD4-253A-352A-CA1D-8ACA5E5F3868}.Debug|Any CPU.ActiveCfg = Debug|Any CPU
		{92C92FD4-253A-352A-CA1D-8ACA5E5F3868}.Debug|Any CPU.Build.0 = Debug|Any CPU
		{92C92FD4-253A-352A-CA1D-8ACA5E5F3868}.Release|Any CPU.ActiveCfg = Release|Any CPU
		{92C92FD4-253A-352A-CA1D-8ACA5E5F3868}.Release|Any CPU.Build.0 = Release|Any CPU
		{85A621D0-5FDD-4645-A8F6-91C0B3EFC7A8}.Debug|Any CPU.ActiveCfg = Debug|Any CPU
		{85A621D0-5FDD-4645-A8F6-91C0B3EFC7A8}.Debug|Any CPU.Build.0 = Debug|Any CPU
		{85A621D0-5FDD-4645-A8F6-91C0B3EFC7A8}.Release|Any CPU.ActiveCfg = Release|Any CPU
		{85A621D0-5FDD-4645-A8F6-91C0B3EFC7A8}.Release|Any CPU.Build.0 = Release|Any CPU
		{360A23E4-1CE8-480B-B95F-1E274216A412}.Debug|Any CPU.ActiveCfg = Debug|Any CPU
		{360A23E4-1CE8-480B-B95F-1E274216A412}.Debug|Any CPU.Build.0 = Debug|Any CPU
		{360A23E4-1CE8-480B-B95F-1E274216A412}.Release|Any CPU.ActiveCfg = Release|Any CPU
		{360A23E4-1CE8-480B-B95F-1E274216A412}.Release|Any CPU.Build.0 = Release|Any CPU
		{AD378C99-6CCA-4E2D-B98E-3E26DA9CEBA0}.Debug|Any CPU.ActiveCfg = Debug|Any CPU
		{AD378C99-6CCA-4E2D-B98E-3E26DA9CEBA0}.Debug|Any CPU.Build.0 = Debug|Any CPU
		{AD378C99-6CCA-4E2D-B98E-3E26DA9CEBA0}.Release|Any CPU.ActiveCfg = Release|Any CPU
		{AD378C99-6CCA-4E2D-B98E-3E26DA9CEBA0}.Release|Any CPU.Build.0 = Release|Any CPU
		{F148CF5A-8F10-4EFD-9C53-0B47A2C58361}.Debug|Any CPU.ActiveCfg = Debug|Any CPU
		{F148CF5A-8F10-4EFD-9C53-0B47A2C58361}.Debug|Any CPU.Build.0 = Debug|Any CPU
		{F148CF5A-8F10-4EFD-9C53-0B47A2C58361}.Release|Any CPU.ActiveCfg = Release|Any CPU
		{F148CF5A-8F10-4EFD-9C53-0B47A2C58361}.Release|Any CPU.Build.0 = Release|Any CPU
		{21C531AC-1C02-424F-92BF-7112607787B7}.Debug|Any CPU.ActiveCfg = Debug|Any CPU
		{21C531AC-1C02-424F-92BF-7112607787B7}.Debug|Any CPU.Build.0 = Debug|Any CPU
		{21C531AC-1C02-424F-92BF-7112607787B7}.Release|Any CPU.ActiveCfg = Release|Any CPU
		{21C531AC-1C02-424F-92BF-7112607787B7}.Release|Any CPU.Build.0 = Release|Any CPU
		{3CD8175B-96B7-45A9-BDFD-D9725BCD68DB}.Debug|Any CPU.ActiveCfg = Debug|Any CPU
		{3CD8175B-96B7-45A9-BDFD-D9725BCD68DB}.Debug|Any CPU.Build.0 = Debug|Any CPU
		{3CD8175B-96B7-45A9-BDFD-D9725BCD68DB}.Release|Any CPU.ActiveCfg = Release|Any CPU
		{3CD8175B-96B7-45A9-BDFD-D9725BCD68DB}.Release|Any CPU.Build.0 = Release|Any CPU
	EndGlobalSection
	GlobalSection(SolutionProperties) = preSolution
		HideSolutionNode = FALSE
	EndGlobalSection
	GlobalSection(NestedProjects) = preSolution
		{044DE341-433F-5702-4D82-2BB3FD3832E3} = {02EA681E-C7D8-13C7-8484-4AC65E1B71E8}
		{15ADFCBE-9B56-7B0A-7AE5-771D29B1F4C9} = {02EA681E-C7D8-13C7-8484-4AC65E1B71E8}
		{FEBF851F-917B-C45E-D2B8-7873FE9FDB40} = {02EA681E-C7D8-13C7-8484-4AC65E1B71E8}
		{FABC0CC8-7E79-3D9B-8D56-17C4207BB104} = {02EA681E-C7D8-13C7-8484-4AC65E1B71E8}
		{92C92FD4-253A-352A-CA1D-8ACA5E5F3868} = {02EA681E-C7D8-13C7-8484-4AC65E1B71E8}
		{85A621D0-5FDD-4645-A8F6-91C0B3EFC7A8} = {02EA681E-C7D8-13C7-8484-4AC65E1B71E8}
		{360A23E4-1CE8-480B-B95F-1E274216A412} = {06893B9E-D74B-4024-A456-F055EA82378A}
		{AD378C99-6CCA-4E2D-B98E-3E26DA9CEBA0} = {06893B9E-D74B-4024-A456-F055EA82378A}
		{F148CF5A-8F10-4EFD-9C53-0B47A2C58361} = {06893B9E-D74B-4024-A456-F055EA82378A}
		{21C531AC-1C02-424F-92BF-7112607787B7} = {06893B9E-D74B-4024-A456-F055EA82378A}
		{3CD8175B-96B7-45A9-BDFD-D9725BCD68DB} = {06893B9E-D74B-4024-A456-F055EA82378A}
	EndGlobalSection
	GlobalSection(ExtensibilityGlobals) = postSolution
		SolutionGuid = {C9DA734F-FBB4-4CC6-BA50-E79B1220EE93}
	EndGlobalSection
EndGlobal
